{
  "nodes": {
    "home-manager": {
      "inputs": {
        "nixpkgs": [
          "nixpkgs"
        ]
      },
      "locked": {
        "lastModified": 1685885003,
        "narHash": "sha256-+OB0EvZBfGvnlTGg6mtyUCqkMnUp9DkmRUU4d7BZBVE=",
        "owner": "nix-community",
        "repo": "home-manager",
        "rev": "607d8fad96436b134424b9935166a7cd0884003e",
        "type": "github"
      },
      "original": {
        "owner": "nix-community",
        "repo": "home-manager",
        "type": "github"
      }
    },
    "nixpkgs": {
      "locked": {
        "lastModified": 1685894048,
        "narHash": "sha256-QKqv1QS+22k9oxncj1AnAxeqS5jGnQiUW3Jq3B+dI1w=",
        "owner": "nixos",
        "repo": "nixpkgs",
        "rev": "2e56a850786211972d99d2bb39665a9b5a1801d6",
        "type": "github"
      },
      "original": {
        "owner": "nixos",
        "ref": "nixpkgs-unstable",
        "repo": "nixpkgs",
        "type": "github"
      }
    },
    "root": {
      "inputs": {
        "home-manager": "home-manager",
        "nixpkgs": "nixpkgs"
      }
    }
  },
  "root": "root",
  "version": 7
}
